// !$*UTF8*$!
{
	archiveVersion = 1;
	classes = {
	};
	objectVersion = 55;
	objects = {

/* Begin PBXBuildFile section */
		711C8D2A2851F0440050247D /* CardView.swift in Sources */ = {isa = PBXBuildFile; fileRef = 711C8D292851F0440050247D /* CardView.swift */; };
		7148BE6C285071C9006F80DA /* LocationApp.swift in Sources */ = {isa = PBXBuildFile; fileRef = 7148BE6B285071C9006F80DA /* LocationApp.swift */; };
		7148BE6E285071C9006F80DA /* ContentView.swift in Sources */ = {isa = PBXBuildFile; fileRef = 7148BE6D285071C9006F80DA /* ContentView.swift */; };
		7148BE73285071CC006F80DA /* Preview Assets.xcassets in Resources */ = {isa = PBXBuildFile; fileRef = 7148BE72285071CC006F80DA /* Preview Assets.xcassets */; };
		7148BE7A28507257006F80DA /* Assets.xcassets in Resources */ = {isa = PBXBuildFile; fileRef = 7148BE7928507257006F80DA /* Assets.xcassets */; };
		7148BE81285072D6006F80DA /* Location.swift in Sources */ = {isa = PBXBuildFile; fileRef = 7148BE80285072D6006F80DA /* Location.swift */; };
		7148BE83285072E3006F80DA /* LocationsDataService.swift in Sources */ = {isa = PBXBuildFile; fileRef = 7148BE82285072E3006F80DA /* LocationsDataService.swift */; };
		7148BE85285073A5006F80DA /* LocationView.swift in Sources */ = {isa = PBXBuildFile; fileRef = 7148BE84285073A5006F80DA /* LocationView.swift */; };
		7148BE8728507429006F80DA /* LocationViewModel.swift in Sources */ = {isa = PBXBuildFile; fileRef = 7148BE8628507429006F80DA /* LocationViewModel.swift */; };
		7148BE892850846C006F80DA /* LocationListView.swift in Sources */ = {isa = PBXBuildFile; fileRef = 7148BE882850846C006F80DA /* LocationListView.swift */; };
		7148BE8B28509F3E006F80DA /* LocationPreviewView.swift in Sources */ = {isa = PBXBuildFile; fileRef = 7148BE8A28509F3E006F80DA /* LocationPreviewView.swift */; };
		7148BE8D2850CEA9006F80DA /* LocationAnnotationView.swift in Sources */ = {isa = PBXBuildFile; fileRef = 7148BE8C2850CEA9006F80DA /* LocationAnnotationView.swift */; };
		7148BE8F2850DD48006F80DA /* LocationDetailView.swift in Sources */ = {isa = PBXBuildFile; fileRef = 7148BE8E2850DD48006F80DA /* LocationDetailView.swift */; };
		71515756285313DE00E8FBCE /* LaunchScreen.storyboard in Resources */ = {isa = PBXBuildFile; fileRef = 71515755285313DE00E8FBCE /* LaunchScreen.storyboard */; };
		718B29242851CC1D004F302D /* LocationCardStackView.swift in Sources */ = {isa = PBXBuildFile; fileRef = 718B29232851CC1D004F302D /* LocationCardStackView.swift */; };
		71E9099A28F47B62006AA5CE /* BikeListView.swift in Sources */ = {isa = PBXBuildFile; fileRef = 71E9099928F47B62006AA5CE /* BikeListView.swift */; };
/* End PBXBuildFile section */

/* Begin PBXFileReference section */
		711C8D292851F0440050247D /* CardView.swift */ = {isa = PBXFileReference; lastKnownFileType = sourcecode.swift; path = CardView.swift; sourceTree = "<group>"; };
		7148BE68285071C9006F80DA /* Location.app */ = {isa = PBXFileReference; explicitFileType = wrapper.application; includeInIndex = 0; path = Location.app; sourceTree = BUILT_PRODUCTS_DIR; };
		7148BE6B285071C9006F80DA /* LocationApp.swift */ = {isa = PBXFileReference; lastKnownFileType = sourcecode.swift; path = LocationApp.swift; sourceTree = "<group>"; };
		7148BE6D285071C9006F80DA /* ContentView.swift */ = {isa = PBXFileReference; lastKnownFileType = sourcecode.swift; path = ContentView.swift; sourceTree = "<group>"; };
		7148BE72285071CC006F80DA /* Preview Assets.xcassets */ = {isa = PBXFileReference; lastKnownFileType = folder.assetcatalog; path = "Preview Assets.xcassets"; sourceTree = "<group>"; };
		7148BE7928507257006F80DA /* Assets.xcassets */ = {isa = PBXFileReference; lastKnownFileType = folder.assetcatalog; path = Assets.xcassets; sourceTree = "<group>"; };
		7148BE80285072D6006F80DA /* Location.swift */ = {isa = PBXFileReference; lastKnownFileType = sourcecode.swift; path = Location.swift; sourceTree = "<group>"; };
		7148BE82285072E3006F80DA /* LocationsDataService.swift */ = {isa = PBXFileReference; fileEncoding = 4; lastKnownFileType = sourcecode.swift; path = LocationsDataService.swift; sourceTree = "<group>"; };
		7148BE84285073A5006F80DA /* LocationView.swift */ = {isa = PBXFileReference; lastKnownFileType = sourcecode.swift; path = LocationView.swift; sourceTree = "<group>"; };
		7148BE8628507429006F80DA /* LocationViewModel.swift */ = {isa = PBXFileReference; lastKnownFileType = sourcecode.swift; path = LocationViewModel.swift; sourceTree = "<group>"; };
		7148BE882850846C006F80DA /* LocationListView.swift */ = {isa = PBXFileReference; lastKnownFileType = sourcecode.swift; path = LocationListView.swift; sourceTree = "<group>"; };
		7148BE8A28509F3E006F80DA /* LocationPreviewView.swift */ = {isa = PBXFileReference; lastKnownFileType = sourcecode.swift; path = LocationPreviewView.swift; sourceTree = "<group>"; };
		7148BE8C2850CEA9006F80DA /* LocationAnnotationView.swift */ = {isa = PBXFileReference; lastKnownFileType = sourcecode.swift; path = LocationAnnotationView.swift; sourceTree = "<group>"; };
		7148BE8E2850DD48006F80DA /* LocationDetailView.swift */ = {isa = PBXFileReference; lastKnownFileType = sourcecode.swift; path = LocationDetailView.swift; sourceTree = "<group>"; };
		71515755285313DE00E8FBCE /* LaunchScreen.storyboard */ = {isa = PBXFileReference; lastKnownFileType = file.storyboard; path = LaunchScreen.storyboard; sourceTree = "<group>"; };
		718B29222851C8CE004F302D /* Info.plist */ = {isa = PBXFileReference; lastKnownFileType = text.plist; path = Info.plist; sourceTree = "<group>"; };
		718B29232851CC1D004F302D /* LocationCardStackView.swift */ = {isa = PBXFileReference; lastKnownFileType = sourcecode.swift; path = LocationCardStackView.swift; sourceTree = "<group>"; };
		71E9099928F47B62006AA5CE /* BikeListView.swift */ = {isa = PBXFileReference; lastKnownFileType = sourcecode.swift; path = BikeListView.swift; sourceTree = "<group>"; };
/* End PBXFileReference section */

/* Begin PBXFrameworksBuildPhase section */
		7148BE65285071C9006F80DA /* Frameworks */ = {
			isa = PBXFrameworksBuildPhase;
			buildActionMask = 2147483647;
			files = (
			);
			runOnlyForDeploymentPostprocessing = 0;
		};
/* End PBXFrameworksBuildPhase section */

/* Begin PBXGroup section */
		7148BE5F285071C9006F80DA = {
			isa = PBXGroup;
			children = (
				7148BE6A285071C9006F80DA /* Location */,
				7148BE69285071C9006F80DA /* Products */,
			);
			sourceTree = "<group>";
		};
		7148BE69285071C9006F80DA /* Products */ = {
			isa = PBXGroup;
			children = (
				7148BE68285071C9006F80DA /* Location.app */,
			);
			name = Products;
			sourceTree = "<group>";
		};
		7148BE6A285071C9006F80DA /* Location */ = {
			isa = PBXGroup;
			children = (
				718B29222851C8CE004F302D /* Info.plist */,
				7148BE6B285071C9006F80DA /* LocationApp.swift */,
				7148BE7F285072B6006F80DA /* DataService */,
				7148BE7B28507269006F80DA /* Model */,
				7148BE7D28507297006F80DA /* View */,
				7148BE7E2850729E006F80DA /* ViewModel */,
				7148BE7928507257006F80DA /* Assets.xcassets */,
				7148BE71285071CC006F80DA /* Preview Content */,
			);
			path = Location;
			sourceTree = "<group>";
		};
		7148BE71285071CC006F80DA /* Preview Content */ = {
			isa = PBXGroup;
			children = (
				7148BE6D285071C9006F80DA /* ContentView.swift */,
				7148BE72285071CC006F80DA /* Preview Assets.xcassets */,
			);
			path = "Preview Content";
			sourceTree = "<group>";
		};
		7148BE7B28507269006F80DA /* Model */ = {
			isa = PBXGroup;
			children = (
				7148BE80285072D6006F80DA /* Location.swift */,
			);
			path = Model;
			sourceTree = "<group>";
		};
		7148BE7D28507297006F80DA /* View */ = {
			isa = PBXGroup;
			children = (
				7148BE84285073A5006F80DA /* LocationView.swift */,
				7148BE882850846C006F80DA /* LocationListView.swift */,
				7148BE8A28509F3E006F80DA /* LocationPreviewView.swift */,
				7148BE8C2850CEA9006F80DA /* LocationAnnotationView.swift */,
				7148BE8E2850DD48006F80DA /* LocationDetailView.swift */,
				718B29232851CC1D004F302D /* LocationCardStackView.swift */,
				711C8D292851F0440050247D /* CardView.swift */,
				71515755285313DE00E8FBCE /* LaunchScreen.storyboard */,
				71E9099928F47B62006AA5CE /* BikeListView.swift */,
			);
			path = View;
			sourceTree = "<group>";
		};
		7148BE7E2850729E006F80DA /* ViewModel */ = {
			isa = PBXGroup;
			children = (
				7148BE8628507429006F80DA /* LocationViewModel.swift */,
			);
			path = ViewModel;
			sourceTree = "<group>";
		};
		7148BE7F285072B6006F80DA /* DataService */ = {
			isa = PBXGroup;
			children = (
				7148BE82285072E3006F80DA /* LocationsDataService.swift */,
			);
			path = DataService;
			sourceTree = "<group>";
		};
/* End PBXGroup section */

/* Begin PBXNativeTarget section */
		7148BE67285071C9006F80DA /* Location */ = {
			isa = PBXNativeTarget;
			buildConfigurationList = 7148BE76285071CC006F80DA /* Build configuration list for PBXNativeTarget "Location" */;
			buildPhases = (
				7148BE64285071C9006F80DA /* Sources */,
				7148BE65285071C9006F80DA /* Frameworks */,
				7148BE66285071C9006F80DA /* Resources */,
			);
			buildRules = (
			);
			dependencies = (
			);
			name = Location;
			productName = Location;
			productReference = 7148BE68285071C9006F80DA /* Location.app */;
			productType = "com.apple.product-type.application";
		};
/* End PBXNativeTarget section */

/* Begin PBXProject section */
		7148BE60285071C9006F80DA /* Project object */ = {
			isa = PBXProject;
			attributes = {
				BuildIndependentTargetsInParallel = 1;
				LastSwiftUpdateCheck = 1340;
				LastUpgradeCheck = 1340;
				TargetAttributes = {
					7148BE67285071C9006F80DA = {
						CreatedOnToolsVersion = 13.4.1;
					};
				};
			};
			buildConfigurationList = 7148BE63285071C9006F80DA /* Build configuration list for PBXProject "Location" */;
			compatibilityVersion = "Xcode 13.0";
			developmentRegion = en;
			hasScannedForEncodings = 0;
			knownRegions = (
				en,
				Base,
			);
			mainGroup = 7148BE5F285071C9006F80DA;
			productRefGroup = 7148BE69285071C9006F80DA /* Products */;
			projectDirPath = "";
			projectRoot = "";
			targets = (
				7148BE67285071C9006F80DA /* Location */,
			);
		};
/* End PBXProject section */

/* Begin PBXResourcesBuildPhase section */
		7148BE66285071C9006F80DA /* Resources */ = {
			isa = PBXResourcesBuildPhase;
			buildActionMask = 2147483647;
			files = (
				71515756285313DE00E8FBCE /* LaunchScreen.storyboard in Resources */,
				7148BE7A28507257006F80DA /* Assets.xcassets in Resources */,
				7148BE73285071CC006F80DA /* Preview Assets.xcassets in Resources */,
			);
			runOnlyForDeploymentPostprocessing = 0;
		};
/* End PBXResourcesBuildPhase section */

/* Begin PBXSourcesBuildPhase section */
		7148BE64285071C9006F80DA /* Sources */ = {
			isa = PBXSourcesBuildPhase;
			buildActionMask = 2147483647;
			files = (
				7148BE83285072E3006F80DA /* LocationsDataService.swift in Sources */,
				7148BE8728507429006F80DA /* LocationViewModel.swift in Sources */,
				7148BE8B28509F3E006F80DA /* LocationPreviewView.swift in Sources */,
				7148BE6E285071C9006F80DA /* ContentView.swift in Sources */,
				71E9099A28F47B62006AA5CE /* BikeListView.swift in Sources */,
				7148BE85285073A5006F80DA /* LocationView.swift in Sources */,
				7148BE892850846C006F80DA /* LocationListView.swift in Sources */,
				718B29242851CC1D004F302D /* LocationCardStackView.swift in Sources */,
				7148BE81285072D6006F80DA /* Location.swift in Sources */,
				7148BE8D2850CEA9006F80DA /* LocationAnnotationView.swift in Sources */,
				7148BE8F2850DD48006F80DA /* LocationDetailView.swift in Sources */,
				711C8D2A2851F0440050247D /* CardView.swift in Sources */,
				7148BE6C285071C9006F80DA /* LocationApp.swift in Sources */,
			);
			runOnlyForDeploymentPostprocessing = 0;
		};
/* End PBXSourcesBuildPhase section */

/* Begin XCBuildConfiguration section */
		7148BE74285071CC006F80DA /* Debug */ = {
			isa = XCBuildConfiguration;
			buildSettings = {
				ALWAYS_SEARCH_USER_PATHS = NO;
				CLANG_ANALYZER_NONNULL = YES;
				CLANG_ANALYZER_NUMBER_OBJECT_CONVERSION = YES_AGGRESSIVE;
				CLANG_CXX_LANGUAGE_STANDARD = "gnu++17";
				CLANG_ENABLE_MODULES = YES;
				CLANG_ENABLE_OBJC_ARC = YES;
				CLANG_ENABLE_OBJC_WEAK = YES;
				CLANG_WARN_BLOCK_CAPTURE_AUTORELEASING = YES;
				CLANG_WARN_BOOL_CONVERSION = YES;
				CLANG_WARN_COMMA = YES;
				CLANG_WARN_CONSTANT_CONVERSION = YES;
				CLANG_WARN_DEPRECATED_OBJC_IMPLEMENTATIONS = YES;
				CLANG_WARN_DIRECT_OBJC_ISA_USAGE = YES_ERROR;
				CLANG_WARN_DOCUMENTATION_COMMENTS = YES;
				CLANG_WARN_EMPTY_BODY = YES;
				CLANG_WARN_ENUM_CONVERSION = YES;
				CLANG_WARN_INFINITE_RECURSION = YES;
				CLANG_WARN_INT_CONVERSION = YES;
				CLANG_WARN_NON_LITERAL_NULL_CONVERSION = YES;
				CLANG_WARN_OBJC_IMPLICIT_RETAIN_SELF = YES;
				CLANG_WARN_OBJC_LITERAL_CONVERSION = YES;
				CLANG_WARN_OBJC_ROOT_CLASS = YES_ERROR;
				CLANG_WARN_QUOTED_INCLUDE_IN_FRAMEWORK_HEADER = YES;
				CLANG_WARN_RANGE_LOOP_ANALYSIS = YES;
				CLANG_WARN_STRICT_PROTOTYPES = YES;
				CLANG_WARN_SUSPICIOUS_MOVE = YES;
				CLANG_WARN_UNGUARDED_AVAILABILITY = YES_AGGRESSIVE;
				CLANG_WARN_UNREACHABLE_CODE = YES;
				CLANG_WARN__DUPLICATE_METHOD_MATCH = YES;
				COPY_PHASE_STRIP = NO;
				DEBUG_INFORMATION_FORMAT = dwarf;
				ENABLE_STRICT_OBJC_MSGSEND = YES;
				ENABLE_TESTABILITY = YES;
				GCC_C_LANGUAGE_STANDARD = gnu11;
				GCC_DYNAMIC_NO_PIC = NO;
				GCC_NO_COMMON_BLOCKS = YES;
				GCC_OPTIMIZATION_LEVEL = 0;
				GCC_PREPROCESSOR_DEFINITIONS = (
					"DEBUG=1",
					"$(inherited)",
				);
				GCC_WARN_64_TO_32_BIT_CONVERSION = YES;
				GCC_WARN_ABOUT_RETURN_TYPE = YES_ERROR;
				GCC_WARN_UNDECLARED_SELECTOR = YES;
				GCC_WARN_UNINITIALIZED_AUTOS = YES_AGGRESSIVE;
				GCC_WARN_UNUSED_FUNCTION = YES;
				GCC_WARN_UNUSED_VARIABLE = YES;
				IPHONEOS_DEPLOYMENT_TARGET = 15.5;
				MTL_ENABLE_DEBUG_INFO = INCLUDE_SOURCE;
				MTL_FAST_MATH = YES;
				ONLY_ACTIVE_ARCH = YES;
				SDKROOT = iphoneos;
				SWIFT_ACTIVE_COMPILATION_CONDITIONS = DEBUG;
				SWIFT_OPTIMIZATION_LEVEL = "-Onone";
			};
			name = Debug;
		};
		7148BE75285071CC006F80DA /* Release */ = {
			isa = XCBuildConfiguration;
			buildSettings = {
				ALWAYS_SEARCH_USER_PATHS = NO;
				CLANG_ANALYZER_NONNULL = YES;
				CLANG_ANALYZER_NUMBER_OBJECT_CONVERSION = YES_AGGRESSIVE;
				CLANG_CXX_LANGUAGE_STANDARD = "gnu++17";
				CLANG_ENABLE_MODULES = YES;
				CLANG_ENABLE_OBJC_ARC = YES;
				CLANG_ENABLE_OBJC_WEAK = YES;
				CLANG_WARN_BLOCK_CAPTURE_AUTORELEASING = YES;
				CLANG_WARN_BOOL_CONVERSION = YES;
				CLANG_WARN_COMMA = YES;
				CLANG_WARN_CONSTANT_CONVERSION = YES;
				CLANG_WARN_DEPRECATED_OBJC_IMPLEMENTATIONS = YES;
				CLANG_WARN_DIRECT_OBJC_ISA_USAGE = YES_ERROR;
				CLANG_WARN_DOCUMENTATION_COMMENTS = YES;
				CLANG_WARN_EMPTY_BODY = YES;
				CLANG_WARN_ENUM_CONVERSION = YES;
				CLANG_WARN_INFINITE_RECURSION = YES;
				CLANG_WARN_INT_CONVERSION = YES;
				CLANG_WARN_NON_LITERAL_NULL_CONVERSION = YES;
				CLANG_WARN_OBJC_IMPLICIT_RETAIN_SELF = YES;
				CLANG_WARN_OBJC_LITERAL_CONVERSION = YES;
				CLANG_WARN_OBJC_ROOT_CLASS = YES_ERROR;
				CLANG_WARN_QUOTED_INCLUDE_IN_FRAMEWORK_HEADER = YES;
				CLANG_WARN_RANGE_LOOP_ANALYSIS = YES;
				CLANG_WARN_STRICT_PROTOTYPES = YES;
				CLANG_WARN_SUSPICIOUS_MOVE = YES;
				CLANG_WARN_UNGUARDED_AVAILABILITY = YES_AGGRESSIVE;
				CLANG_WARN_UNREACHABLE_CODE = YES;
				CLANG_WARN__DUPLICATE_METHOD_MATCH = YES;
				COPY_PHASE_STRIP = NO;
				DEBUG_INFORMATION_FORMAT = "dwarf-with-dsym";
				ENABLE_NS_ASSERTIONS = NO;
				ENABLE_STRICT_OBJC_MSGSEND = YES;
				GCC_C_LANGUAGE_STANDARD = gnu11;
				GCC_NO_COMMON_BLOCKS = YES;
				GCC_WARN_64_TO_32_BIT_CONVERSION = YES;
				GCC_WARN_ABOUT_RETURN_TYPE = YES_ERROR;
				GCC_WARN_UNDECLARED_SELECTOR = YES;
				GCC_WARN_UNINITIALIZED_AUTOS = YES_AGGRESSIVE;
				GCC_WARN_UNUSED_FUNCTION = YES;
				GCC_WARN_UNUSED_VARIABLE = YES;
				IPHONEOS_DEPLOYMENT_TARGET = 15.5;
				MTL_ENABLE_DEBUG_INFO = NO;
				MTL_FAST_MATH = YES;
				SDKROOT = iphoneos;
				SWIFT_COMPILATION_MODE = wholemodule;
				SWIFT_OPTIMIZATION_LEVEL = "-O";
				VALIDATE_PRODUCT = YES;
			};
			name = Release;
		};
		7148BE77285071CC006F80DA /* Debug */ = {
			isa = XCBuildConfiguration;
			buildSettings = {
				ASSETCATALOG_COMPILER_APPICON_NAME = AppIcon;
				ASSETCATALOG_COMPILER_GLOBAL_ACCENT_COLOR_NAME = AccentColor;
				ASSETCATALOG_COMPILER_INCLUDE_ALL_APPICON_ASSETS = NO;
				CODE_SIGN_STYLE = Automatic;
				CURRENT_PROJECT_VERSION = 1;
				DEVELOPMENT_ASSET_PATHS = "\"Location/Preview Content\"";
				DEVELOPMENT_TEAM = 3F5W4335C6;
				ENABLE_PREVIEWS = YES;
				GENERATE_INFOPLIST_FILE = YES;
				INFOPLIST_FILE = Location/Info.plist;
				INFOPLIST_KEY_UIApplicationSceneManifest_Generation = YES;
				INFOPLIST_KEY_UIApplicationSupportsIndirectInputEvents = YES;
				INFOPLIST_KEY_UILaunchStoryboardName = LaunchScreen;
				INFOPLIST_KEY_UISupportedInterfaceOrientations_iPad = "UIInterfaceOrientationPortrait UIInterfaceOrientationPortraitUpsideDown UIInterfaceOrientationLandscapeLeft UIInterfaceOrientationLandscapeRight";
				INFOPLIST_KEY_UISupportedInterfaceOrientations_iPhone = "UIInterfaceOrientationPortrait UIInterfaceOrientationLandscapeLeft UIInterfaceOrientationLandscapeRight";
				LD_RUNPATH_SEARCH_PATHS = (
					"$(inherited)",
					"@executable_path/Frameworks",
				);
				MARKETING_VERSION = 1.0;
				PRODUCT_BUNDLE_IDENTIFIER = naol.Location;
				PRODUCT_NAME = "$(TARGET_NAME)";
				SWIFT_EMIT_LOC_STRINGS = YES;
				SWIFT_VERSION = 5.0;
				TARGETED_DEVICE_FAMILY = "1,2";
			};
			name = Debug;
		};
		7148BE78285071CC006F80DA /* Release */ = {
			isa = XCBuildConfiguration;
			buildSettings = {
				ASSETCATALOG_COMPILER_APPICON_NAME = AppIcon;
				ASSETCATALOG_COMPILER_GLOBAL_ACCENT_COLOR_NAME = AccentColor;
				ASSETCATALOG_COMPILER_INCLUDE_ALL_APPICON_ASSETS = NO;
				CODE_SIGN_STYLE = Automatic;
				CURRENT_PROJECT_VERSION = 1;
				DEVELOPMENT_ASSET_PATHS = "\"Location/Preview Content\"";
				DEVELOPMENT_TEAM = 3F5W4335C6;
				ENABLE_PREVIEWS = YES;
				GENERATE_INFOPLIST_FILE = YES;
				INFOPLIST_FILE = Location/Info.plist;
				INFOPLIST_KEY_UIApplicationSceneManifest_Generation = YES;
				INFOPLIST_KEY_UIApplicationSupportsIndirectInputEvents = YES;
				INFOPLIST_KEY_UILaunchStoryboardName = LaunchScreen;
				INFOPLIST_KEY_UISupportedInterfaceOrientations_iPad = "UIInterfaceOrientationPortrait UIInterfaceOrientationPortraitUpsideDown UIInterfaceOrientationLandscapeLeft UIInterfaceOrientationLandscapeRight";
				INFOPLIST_KEY_UISupportedInterfaceOrientations_iPhone = "UIInterfaceOrientationPortrait UIInterfaceOrientationLandscapeLeft UIInterfaceOrientationLandscapeRight";
				LD_RUNPATH_SEARCH_PATHS = (
					"$(inherited)",
					"@executable_path/Frameworks",
				);
				MARKETING_VERSION = 1.0;
				PRODUCT_BUNDLE_IDENTIFIER = naol.Location;
				PRODUCT_NAME = "$(TARGET_NAME)";
				SWIFT_EMIT_LOC_STRINGS = YES;
				SWIFT_VERSION = 5.0;
				TARGETED_DEVICE_FAMILY = "1,2";
			};
			name = Release;
		};
/* End XCBuildConfiguration section */

/* Begin XCConfigurationList section */
		7148BE63285071C9006F80DA /* Build configuration list for PBXProject "Location" */ = {
			isa = XCConfigurationList;
			buildConfigurations = (
				7148BE74285071CC006F80DA /* Debug */,
				7148BE75285071CC006F80DA /* Release */,
			);
			defaultConfigurationIsVisible = 0;
			defaultConfigurationName = Release;
		};
		7148BE76285071CC006F80DA /* Build configuration list for PBXNativeTarget "Location" */ = {
			isa = XCConfigurationList;
			buildConfigurations = (
				7148BE77285071CC006F80DA /* Debug */,
				7148BE78285071CC006F80DA /* Release */,
			);
			defaultConfigurationIsVisible = 0;
			defaultConfigurationName = Release;
		};
/* End XCConfigurationList section */
	};
	rootObject = 7148BE60285071C9006F80DA /* Project object */;
}
